
Microsoft Visual Studio Solution File, Format Version 12.00
# Visual Studio Version 17
VisualStudioVersion = 17.10.35013.160
MinimumVisualStudioVersion = 10.0.40219.1
Project("{FAE04EC0-301F-11D3-BF4B-00C04F79EFBC}") = "SMP.Project.Models", "SMP.Project\SMP.Project.Models.csproj", "{65B91201-BE75-4997-BFD5-A3DDFE97770D}"
EndProject
Project("{FAE04EC0-301F-11D3-BF4B-00C04F79EFBC}") = "SMP.Project.DAL", "SMP.Project.DAL\SMP.Project.DAL.csproj", "{C7D1C11C-EBDC-4AC2-BAB9-6F8B447B10E4}"
EndProject
Project("{FAE04EC0-301F-11D3-BF4B-00C04F79EFBC}") = "SM.Project.Main", "SM.Project.Main\SM.Project.Main.csproj", "{700E07D1-F249-40F4-A3FD-6A7DF2A4A5AD}"
EndProject
Global
	GlobalSection(SolutionConfigurationPlatforms) = preSolution
		Debug|Any CPU = Debug|Any CPU
		Release|Any CPU = Release|Any CPU
	EndGlobalSection
	GlobalSection(ProjectConfigurationPlatforms) = postSolution
		{65B91201-BE75-4997-BFD5-A3DDFE97770D}.Debug|Any CPU.ActiveCfg = Debug|Any CPU
		{65B91201-BE75-4997-BFD5-A3DDFE97770D}.Debug|Any CPU.Build.0 = Debug|Any CPU
		{65B91201-BE75-4997-BFD5-A3DDFE97770D}.Release|Any CPU.ActiveCfg = Release|Any CPU
		{65B91201-BE75-4997-BFD5-A3DDFE97770D}.Release|Any CPU.Build.0 = Release|Any CPU
		{C7D1C11C-EBDC-4AC2-BAB9-6F8B447B10E4}.Debug|Any CPU.ActiveCfg = Debug|Any CPU
		{C7D1C11C-EBDC-4AC2-BAB9-6F8B447B10E4}.Debug|Any CPU.Build.0 = Debug|Any CPU
		{C7D1C11C-EBDC-4AC2-BAB9-6F8B447B10E4}.Release|Any CPU.ActiveCfg = Release|Any CPU
		{C7D1C11C-EBDC-4AC2-BAB9-6F8B447B10E4}.Release|Any CPU.Build.0 = Release|Any CPU
		{700E07D1-F249-40F4-A3FD-6A7DF2A4A5AD}.Debug|Any CPU.ActiveCfg = Debug|Any CPU
		{700E07D1-F249-40F4-A3FD-6A7DF2A4A5AD}.Debug|Any CPU.Build.0 = Debug|Any CPU
		{700E07D1-F249-40F4-A3FD-6A7DF2A4A5AD}.Release|Any CPU.ActiveCfg = Release|Any CPU
		{700E07D1-F249-40F4-A3FD-6A7DF2A4A5AD}.Release|Any CPU.Build.0 = Release|Any CPU
	EndGlobalSection
	GlobalSection(SolutionProperties) = preSolution
		HideSolutionNode = FALSE
	EndGlobalSection
	GlobalSection(ExtensibilityGlobals) = postSolution
		SolutionGuid = {A17D5C58-E268-4B39-B966-476A12911D27}
	EndGlobalSection
EndGlobal
